
Microsoft Visual Studio Solution File, Format Version 12.00
# Visual Studio Version 16
VisualStudioVersion = 16.0.29806.167
MinimumVisualStudioVersion = 10.0.40219.1
Project("{9A19103F-16F7-4668-BE54-9A1E7A4F7556}") = "AccessControlWebApi", "AccessControlWebApi\AccessControlWebApi.csproj", "{1739AFA7-8197-42FF-9B26-B1C9D085EA96}"
EndProject
Project("{9A19103F-16F7-4668-BE54-9A1E7A4F7556}") = "AccessControl", "AccessControl\AccessControl.csproj", "{90AB6AF1-6C8D-46B5-9BF8-B014B13A9607}"
EndProject
Project("{9A19103F-16F7-4668-BE54-9A1E7A4F7556}") = "AccessControlModels", "AccessControlModels\AccessControlModels.csproj", "{3E9EAB91-30C6-4DC3-A107-BD5B9C45F1E7}"
EndProject
Project("{9A19103F-16F7-4668-BE54-9A1E7A4F7556}") = "AccessControlTests", "AccessControlTests\AccessControlTests.csproj", "{E656D003-09A2-4D83-AEB5-AC7B6C265E72}"
EndProject
Project("{9A19103F-16F7-4668-BE54-9A1E7A4F7556}") = "AccountsWebApi", "AccountsWebApi\AccountsWebApi.csproj", "{6B2AEBB8-DDDD-4113-94AB-A34D504A60B9}"
EndProject
Project("{FAE04EC0-301F-11D3-BF4B-00C04F79EFBC}") = "WebApiGateway", "WebApiGateway\WebApiGateway.csproj", "{C79CC633-44DD-44C9-9CE6-3A4A6ED16A4D}"
EndProject
Global
	GlobalSection(SolutionConfigurationPlatforms) = preSolution
		Debug|Any CPU = Debug|Any CPU
		Release|Any CPU = Release|Any CPU
	EndGlobalSection
	GlobalSection(ProjectConfigurationPlatforms) = postSolution
		{1739AFA7-8197-42FF-9B26-B1C9D085EA96}.Debug|Any CPU.ActiveCfg = Debug|Any CPU
		{1739AFA7-8197-42FF-9B26-B1C9D085EA96}.Debug|Any CPU.Build.0 = Debug|Any CPU
		{1739AFA7-8197-42FF-9B26-B1C9D085EA96}.Release|Any CPU.ActiveCfg = Release|Any CPU
		{1739AFA7-8197-42FF-9B26-B1C9D085EA96}.Release|Any CPU.Build.0 = Release|Any CPU
		{90AB6AF1-6C8D-46B5-9BF8-B014B13A9607}.Debug|Any CPU.ActiveCfg = Debug|Any CPU
		{90AB6AF1-6C8D-46B5-9BF8-B014B13A9607}.Debug|Any CPU.Build.0 = Debug|Any CPU
		{90AB6AF1-6C8D-46B5-9BF8-B014B13A9607}.Release|Any CPU.ActiveCfg = Release|Any CPU
		{90AB6AF1-6C8D-46B5-9BF8-B014B13A9607}.Release|Any CPU.Build.0 = Release|Any CPU
		{3E9EAB91-30C6-4DC3-A107-BD5B9C45F1E7}.Debug|Any CPU.ActiveCfg = Debug|Any CPU
		{3E9EAB91-30C6-4DC3-A107-BD5B9C45F1E7}.Debug|Any CPU.Build.0 = Debug|Any CPU
		{3E9EAB91-30C6-4DC3-A107-BD5B9C45F1E7}.Release|Any CPU.ActiveCfg = Release|Any CPU
		{3E9EAB91-30C6-4DC3-A107-BD5B9C45F1E7}.Release|Any CPU.Build.0 = Release|Any CPU
		{E656D003-09A2-4D83-AEB5-AC7B6C265E72}.Debug|Any CPU.ActiveCfg = Debug|Any CPU
		{E656D003-09A2-4D83-AEB5-AC7B6C265E72}.Debug|Any CPU.Build.0 = Debug|Any CPU
		{E656D003-09A2-4D83-AEB5-AC7B6C265E72}.Release|Any CPU.ActiveCfg = Release|Any CPU
		{E656D003-09A2-4D83-AEB5-AC7B6C265E72}.Release|Any CPU.Build.0 = Release|Any CPU
		{6B2AEBB8-DDDD-4113-94AB-A34D504A60B9}.Debug|Any CPU.ActiveCfg = Debug|Any CPU
		{6B2AEBB8-DDDD-4113-94AB-A34D504A60B9}.Debug|Any CPU.Build.0 = Debug|Any CPU
		{6B2AEBB8-DDDD-4113-94AB-A34D504A60B9}.Release|Any CPU.ActiveCfg = Release|Any CPU
		{6B2AEBB8-DDDD-4113-94AB-A34D504A60B9}.Release|Any CPU.Build.0 = Release|Any CPU
		{C79CC633-44DD-44C9-9CE6-3A4A6ED16A4D}.Debug|Any CPU.ActiveCfg = Debug|Any CPU
		{C79CC633-44DD-44C9-9CE6-3A4A6ED16A4D}.Debug|Any CPU.Build.0 = Debug|Any CPU
		{C79CC633-44DD-44C9-9CE6-3A4A6ED16A4D}.Release|Any CPU.ActiveCfg = Release|Any CPU
		{C79CC633-44DD-44C9-9CE6-3A4A6ED16A4D}.Release|Any CPU.Build.0 = Release|Any CPU
	EndGlobalSection
	GlobalSection(SolutionProperties) = preSolution
		HideSolutionNode = FALSE
	EndGlobalSection
	GlobalSection(ExtensibilityGlobals) = postSolution
		SolutionGuid = {3332FF3F-4979-40B3-B509-68704EFDB577}
	EndGlobalSection
EndGlobal
