
Microsoft Visual Studio Solution File, Format Version 12.00
# Visual Studio Version 16
VisualStudioVersion = 16.0.29806.167
MinimumVisualStudioVersion = 10.0.40219.1
Project("{9A19103F-16F7-4668-BE54-9A1E7A4F7556}") = "AccessControlWebApi", "AccessControlWebApi\AccessControlWebApi.csproj", "{1739AFA7-8197-42FF-9B26-B1C9D085EA96}"
EndProject
Project("{9A19103F-16F7-4668-BE54-9A1E7A4F7556}") = "AccessControl", "AccessControl\AccessControl.csproj", "{90AB6AF1-6C8D-46B5-9BF8-B014B13A9607}"
EndProject
Global
	GlobalSection(SolutionConfigurationPlatforms) = preSolution
		Debug|Any CPU = Debug|Any CPU
		Release|Any CPU = Release|Any CPU
	EndGlobalSection
	GlobalSection(ProjectConfigurationPlatforms) = postSolution
		{1739AFA7-8197-42FF-9B26-B1C9D085EA96}.Debug|Any CPU.ActiveCfg = Debug|Any CPU
		{1739AFA7-8197-42FF-9B26-B1C9D085EA96}.Debug|Any CPU.Build.0 = Debug|Any CPU
		{1739AFA7-8197-42FF-9B26-B1C9D085EA96}.Release|Any CPU.ActiveCfg = Release|Any CPU
		{1739AFA7-8197-42FF-9B26-B1C9D085EA96}.Release|Any CPU.Build.0 = Release|Any CPU
		{90AB6AF1-6C8D-46B5-9BF8-B014B13A9607}.Debug|Any CPU.ActiveCfg = Debug|Any CPU
		{90AB6AF1-6C8D-46B5-9BF8-B014B13A9607}.Debug|Any CPU.Build.0 = Debug|Any CPU
		{90AB6AF1-6C8D-46B5-9BF8-B014B13A9607}.Release|Any CPU.ActiveCfg = Release|Any CPU
		{90AB6AF1-6C8D-46B5-9BF8-B014B13A9607}.Release|Any CPU.Build.0 = Release|Any CPU
	EndGlobalSection
	GlobalSection(SolutionProperties) = preSolution
		HideSolutionNode = FALSE
	EndGlobalSection
	GlobalSection(ExtensibilityGlobals) = postSolution
		SolutionGuid = {3332FF3F-4979-40B3-B509-68704EFDB577}
	EndGlobalSection
EndGlobal
